
Microsoft Visual Studio Solution File, Format Version 12.00
# Visual Studio Version 17
VisualStudioVersion = 17.10.35013.160
MinimumVisualStudioVersion = 10.0.40219.1
Project("{FAE04EC0-301F-11D3-BF4B-00C04F79EFBC}") = "TicTacToeLib", "TicTacToeLib\TicTacToeLib.csproj", "{0EC221EE-89A5-47FF-83DD-8B2E088BACE2}"
EndProject
Project("{FAE04EC0-301F-11D3-BF4B-00C04F79EFBC}") = "TicTacToeLibTests", "TicTacToeLibTests\TicTacToeLibTests.csproj", "{2E29A62A-A0FA-4FB0-8FA3-299815C6952D}"
EndProject
Project("{FAE04EC0-301F-11D3-BF4B-00C04F79EFBC}") = "TicTacToe", "TicTacToe\TicTacToe.csproj", "{E56EA1CB-1C19-4D42-9D0D-B0B8AE58A47D}"
EndProject
Global
	GlobalSection(SolutionConfigurationPlatforms) = preSolution
		Debug|Any CPU = Debug|Any CPU
		Release|Any CPU = Release|Any CPU
	EndGlobalSection
	GlobalSection(ProjectConfigurationPlatforms) = postSolution
		{0EC221EE-89A5-47FF-83DD-8B2E088BACE2}.Debug|Any CPU.ActiveCfg = Debug|Any CPU
		{0EC221EE-89A5-47FF-83DD-8B2E088BACE2}.Debug|Any CPU.Build.0 = Debug|Any CPU
		{0EC221EE-89A5-47FF-83DD-8B2E088BACE2}.Release|Any CPU.ActiveCfg = Release|Any CPU
		{0EC221EE-89A5-47FF-83DD-8B2E088BACE2}.Release|Any CPU.Build.0 = Release|Any CPU
		{2E29A62A-A0FA-4FB0-8FA3-299815C6952D}.Debug|Any CPU.ActiveCfg = Debug|Any CPU
		{2E29A62A-A0FA-4FB0-8FA3-299815C6952D}.Debug|Any CPU.Build.0 = Debug|Any CPU
		{2E29A62A-A0FA-4FB0-8FA3-299815C6952D}.Release|Any CPU.ActiveCfg = Release|Any CPU
		{2E29A62A-A0FA-4FB0-8FA3-299815C6952D}.Release|Any CPU.Build.0 = Release|Any CPU
		{E56EA1CB-1C19-4D42-9D0D-B0B8AE58A47D}.Debug|Any CPU.ActiveCfg = Debug|Any CPU
		{E56EA1CB-1C19-4D42-9D0D-B0B8AE58A47D}.Debug|Any CPU.Build.0 = Debug|Any CPU
		{E56EA1CB-1C19-4D42-9D0D-B0B8AE58A47D}.Release|Any CPU.ActiveCfg = Release|Any CPU
		{E56EA1CB-1C19-4D42-9D0D-B0B8AE58A47D}.Release|Any CPU.Build.0 = Release|Any CPU
	EndGlobalSection
	GlobalSection(SolutionProperties) = preSolution
		HideSolutionNode = FALSE
	EndGlobalSection
	GlobalSection(ExtensibilityGlobals) = postSolution
		SolutionGuid = {0C8A2040-5231-42CB-A622-61A627FA6DC4}
	EndGlobalSection
EndGlobal
